
Microsoft Visual Studio Solution File, Format Version 12.00
# Visual Studio Version 17
VisualStudioVersion = 17.0.31903.59
MinimumVisualStudioVersion = 10.0.40219.1
Project("{2150E333-8FDC-42A3-9474-1A3956D46DE8}") = "iam_custom_api", "iam_custom_api", "{CA6E177D-3EB0-4013-B710-110389F2647C}"
EndProject
Project("{9A19103F-16F7-4668-BE54-9A1E7A4F7556}") = "api", "iam_custom_api\api\api.csproj", "{7FB92394-BD37-4610-9267-A48031B8903B}"
EndProject
Project("{2150E333-8FDC-42A3-9474-1A3956D46DE8}") = "iam_default_microsoft_api", "iam_default_microsoft_api", "{433B7FB9-0DFC-4D6C-A41D-1AA27E9F38C6}"
EndProject
Project("{9A19103F-16F7-4668-BE54-9A1E7A4F7556}") = "api", "iam_default_microsoft_api\api\api.csproj", "{1B4A3019-7642-42FD-8A17-5C31C650B749}"
EndProject
Project("{2150E333-8FDC-42A3-9474-1A3956D46DE8}") = "iam_default_microsoft_razor", "iam_default_microsoft_razor", "{46AD66F1-AEC1-4331-8693-575B5CC92C7F}"
EndProject
Project("{9A19103F-16F7-4668-BE54-9A1E7A4F7556}") = "WebApplication12", "iam_default_microsoft_razor\WebApplication12\WebApplication12.csproj", "{4D2F00C4-7CB7-42FF-A326-8CEB8D5CCF02}"
EndProject
Project("{2150E333-8FDC-42A3-9474-1A3956D46DE8}") = "iam_custom_razor", "iam_custom_razor", "{CE9B79F2-1DA9-4B01-9B86-B19B3E60CD3A}"
EndProject
Project("{9A19103F-16F7-4668-BE54-9A1E7A4F7556}") = "Client", "iam_custom_razor\Client\Client.csproj", "{3FE8ED61-F616-454B-A8CC-345A6A9972F0}"
EndProject
Project("{2150E333-8FDC-42A3-9474-1A3956D46DE8}") = "iam_custom_with_default_api", "iam_custom_with_default_api", "{5413A5AB-EA58-45A9-870F-0967F08B8E11}"
EndProject
Project("{9A19103F-16F7-4668-BE54-9A1E7A4F7556}") = "api", "iam_custom_with_default_api\api\api.csproj", "{8EB81144-5A51-4CAB-8449-AB432FCFEDA1}"
EndProject
Project("{2150E333-8FDC-42A3-9474-1A3956D46DE8}") = "shared", "shared", "{484F371C-6E94-45F0-A467-368FB6677740}"
EndProject
Project("{9A19103F-16F7-4668-BE54-9A1E7A4F7556}") = "Base.Shared", "shared\Base.Shared\Base.Shared.csproj", "{A78FF883-6F6F-4861-B2ED-97688190C0F5}"
EndProject
Project("{2150E333-8FDC-42A3-9474-1A3956D46DE8}") = "aspnetcore-jwt-auth-aspnetcore-jwt-auth-refresh-tokens", "aspnetcore-jwt-auth-aspnetcore-jwt-auth-refresh-tokens", "{D559C45A-0F53-48B3-8CDF-B8D22904F8DC}"
EndProject
Project("{2150E333-8FDC-42A3-9474-1A3956D46DE8}") = "JwtAuthentication.Server", "JwtAuthentication.Server", "{AD2621CB-4BFB-4982-BC85-6753F8A96DFD}"
EndProject
Global
	GlobalSection(SolutionConfigurationPlatforms) = preSolution
		Debug|Any CPU = Debug|Any CPU
		Release|Any CPU = Release|Any CPU
	EndGlobalSection
	GlobalSection(ProjectConfigurationPlatforms) = postSolution
		{7FB92394-BD37-4610-9267-A48031B8903B}.Debug|Any CPU.ActiveCfg = Debug|Any CPU
		{7FB92394-BD37-4610-9267-A48031B8903B}.Debug|Any CPU.Build.0 = Debug|Any CPU
		{7FB92394-BD37-4610-9267-A48031B8903B}.Release|Any CPU.ActiveCfg = Release|Any CPU
		{7FB92394-BD37-4610-9267-A48031B8903B}.Release|Any CPU.Build.0 = Release|Any CPU
		{1B4A3019-7642-42FD-8A17-5C31C650B749}.Debug|Any CPU.ActiveCfg = Debug|Any CPU
		{1B4A3019-7642-42FD-8A17-5C31C650B749}.Debug|Any CPU.Build.0 = Debug|Any CPU
		{1B4A3019-7642-42FD-8A17-5C31C650B749}.Release|Any CPU.ActiveCfg = Release|Any CPU
		{1B4A3019-7642-42FD-8A17-5C31C650B749}.Release|Any CPU.Build.0 = Release|Any CPU
		{4D2F00C4-7CB7-42FF-A326-8CEB8D5CCF02}.Debug|Any CPU.ActiveCfg = Debug|Any CPU
		{4D2F00C4-7CB7-42FF-A326-8CEB8D5CCF02}.Debug|Any CPU.Build.0 = Debug|Any CPU
		{4D2F00C4-7CB7-42FF-A326-8CEB8D5CCF02}.Release|Any CPU.ActiveCfg = Release|Any CPU
		{4D2F00C4-7CB7-42FF-A326-8CEB8D5CCF02}.Release|Any CPU.Build.0 = Release|Any CPU
		{3FE8ED61-F616-454B-A8CC-345A6A9972F0}.Debug|Any CPU.ActiveCfg = Debug|Any CPU
		{3FE8ED61-F616-454B-A8CC-345A6A9972F0}.Debug|Any CPU.Build.0 = Debug|Any CPU
		{3FE8ED61-F616-454B-A8CC-345A6A9972F0}.Release|Any CPU.ActiveCfg = Release|Any CPU
		{3FE8ED61-F616-454B-A8CC-345A6A9972F0}.Release|Any CPU.Build.0 = Release|Any CPU
		{8EB81144-5A51-4CAB-8449-AB432FCFEDA1}.Debug|Any CPU.ActiveCfg = Debug|Any CPU
		{8EB81144-5A51-4CAB-8449-AB432FCFEDA1}.Debug|Any CPU.Build.0 = Debug|Any CPU
		{8EB81144-5A51-4CAB-8449-AB432FCFEDA1}.Release|Any CPU.ActiveCfg = Release|Any CPU
		{8EB81144-5A51-4CAB-8449-AB432FCFEDA1}.Release|Any CPU.Build.0 = Release|Any CPU
		{A78FF883-6F6F-4861-B2ED-97688190C0F5}.Debug|Any CPU.ActiveCfg = Debug|Any CPU
		{A78FF883-6F6F-4861-B2ED-97688190C0F5}.Debug|Any CPU.Build.0 = Debug|Any CPU
		{A78FF883-6F6F-4861-B2ED-97688190C0F5}.Release|Any CPU.ActiveCfg = Release|Any CPU
		{A78FF883-6F6F-4861-B2ED-97688190C0F5}.Release|Any CPU.Build.0 = Release|Any CPU
	EndGlobalSection
	GlobalSection(SolutionProperties) = preSolution
		HideSolutionNode = FALSE
	EndGlobalSection
	GlobalSection(NestedProjects) = preSolution
		{7FB92394-BD37-4610-9267-A48031B8903B} = {CA6E177D-3EB0-4013-B710-110389F2647C}
		{1B4A3019-7642-42FD-8A17-5C31C650B749} = {433B7FB9-0DFC-4D6C-A41D-1AA27E9F38C6}
		{4D2F00C4-7CB7-42FF-A326-8CEB8D5CCF02} = {46AD66F1-AEC1-4331-8693-575B5CC92C7F}
		{3FE8ED61-F616-454B-A8CC-345A6A9972F0} = {CE9B79F2-1DA9-4B01-9B86-B19B3E60CD3A}
		{8EB81144-5A51-4CAB-8449-AB432FCFEDA1} = {5413A5AB-EA58-45A9-870F-0967F08B8E11}
		{A78FF883-6F6F-4861-B2ED-97688190C0F5} = {484F371C-6E94-45F0-A467-368FB6677740}
		{D559C45A-0F53-48B3-8CDF-B8D22904F8DC} = {433B7FB9-0DFC-4D6C-A41D-1AA27E9F38C6}
		{AD2621CB-4BFB-4982-BC85-6753F8A96DFD} = {D559C45A-0F53-48B3-8CDF-B8D22904F8DC}
	EndGlobalSection
EndGlobal
